
Microsoft Visual Studio Solution File, Format Version 12.00
# Visual Studio Version 17
VisualStudioVersion = 17.14.36301.6 d17.14
MinimumVisualStudioVersion = 10.0.40219.1
Project("{FAE04EC0-301F-11D3-BF4B-00C04F79EFBC}") = "BlogSystemAPI", "BlogSystemAPI\BlogSystemAPI.csproj", "{F039164A-711C-469E-B020-693C7203F365}"
EndProject
Global
	GlobalSection(SolutionConfigurationPlatforms) = preSolution
		Debug|Any CPU = Debug|Any CPU
		Release|Any CPU = Release|Any CPU
	EndGlobalSection
	GlobalSection(ProjectConfigurationPlatforms) = postSolution
		{F039164A-711C-469E-B020-693C7203F365}.Debug|Any CPU.ActiveCfg = Debug|Any CPU
		{F039164A-711C-469E-B020-693C7203F365}.Debug|Any CPU.Build.0 = Debug|Any CPU
		{F039164A-711C-469E-B020-693C7203F365}.Release|Any CPU.ActiveCfg = Release|Any CPU
		{F039164A-711C-469E-B020-693C7203F365}.Release|Any CPU.Build.0 = Release|Any CPU
	EndGlobalSection
	GlobalSection(SolutionProperties) = preSolution
		HideSolutionNode = FALSE
	EndGlobalSection
	GlobalSection(ExtensibilityGlobals) = postSolution
		SolutionGuid = {523750FE-9C05-4E19-9843-A7F29921DAB1}
	EndGlobalSection
EndGlobal
